{
  "name": "ClaseAPPS",
  "lockfileVersion": 3,
  "requires": true,
  "packages": {
    "": {
      "dependencies": {
        "@capacitor/camera": "^8.2.4",
        "@ionic/pwa-elements": "^3.4.0"
      }
    },
    "node_modules/@capacitor/camera": {
      "version": "8.2.4",
      "resolved": "https://registry.npmjs.org/@capacitor/camera/-/camera-8.2.4.tgz",
      "integrity": "sha512-kZIeRkOvtE2dnbq76tEo3ZWKyGfzHFK0txsR56qKAmjAARTg9r86iIUcKZa/y4U1vOHH/gdQae5e3+OAF3wwPQ==",
      "license": "MIT",
      "peerDependencies": {
        "@capacitor/core": ">=8.0.0"
      }
    },
    "node_modules/@capacitor/core": {
      "version": "8.5.2",
      "resolved": "https://registry.npmjs.org/@capacitor/core/-/core-8.5.2.tgz",
      "integrity": "sha512-agnQbGdhGw/KZFuLf7H9SY2o+oE7upkr/WPQsYaokXP6f9chaE8iVmbKkfN6SVl4w3pmz7oZ3Ur1hbkmy1hx+w==",
      "license": "MIT",
      "peer": true,
      "dependencies": {
        "tslib": "^2.1.0"
      }
    },
    "node_modules/@ionic/pwa-elements": {
      "version": "3.4.0",
      "resolved": "https://registry.npmjs.org/@ionic/pwa-elements/-/pwa-elements-3.4.0.tgz",
      "integrity": "sha512-WmL7An4NOsvJvct4V/A8hudr+yXgLBHYmxzqWGsetZmzN7C6suLRS/KIh2P1t8cSYCYL7HRrbv8NrIChPkh6Ow==",
      "license": "MIT",
      "engines": {
        "node": ">=16.0.0",
        "npm": ">=8.0.0"
      }
    },
    "node_modules/tslib": {
      "version": "2.8.1",
      "resolved": "https://registry.npmjs.org/tslib/-/tslib-2.8.1.tgz",
      "integrity": "sha512-oJFu94HQb+KVduSUQL7wnpmqnfmLsOA/nAh6b6EH0wCEoK0/mPeXU6c3wKDV83MkOuHPRHtSXKKU99IBazS/2w==",
      "license": "0BSD",
      "peer": true
    }
  }
}
